
Microsoft Visual Studio Solution File, Format Version 12.00
# Visual Studio 15
VisualStudioVersion = 15.0.28307.645
MinimumVisualStudioVersion = 10.0.40219.1
Project("{FAE04EC0-301F-11D3-BF4B-00C04F79EFBC}") = "GenerateFreightOrderDummies", "GenerateFreightOrderDummies\GenerateFreightOrderDummies.csproj", "{A7E29C39-1945-460F-882B-04455935A003}"
EndProject
Global
	GlobalSection(SolutionConfigurationPlatforms) = preSolution
		Debug|Any CPU = Debug|Any CPU
		Release|Any CPU = Release|Any CPU
	EndGlobalSection
	GlobalSection(ProjectConfigurationPlatforms) = postSolution
		{A7E29C39-1945-460F-882B-04455935A003}.Debug|Any CPU.ActiveCfg = Debug|Any CPU
		{A7E29C39-1945-460F-882B-04455935A003}.Debug|Any CPU.Build.0 = Debug|Any CPU
		{A7E29C39-1945-460F-882B-04455935A003}.Release|Any CPU.ActiveCfg = Release|Any CPU
		{A7E29C39-1945-460F-882B-04455935A003}.Release|Any CPU.Build.0 = Release|Any CPU
	EndGlobalSection
	GlobalSection(SolutionProperties) = preSolution
		HideSolutionNode = FALSE
	EndGlobalSection
	GlobalSection(ExtensibilityGlobals) = postSolution
		SolutionGuid = {0319F8CA-96D8-4F42-A87B-EAAE52F826C1}
	EndGlobalSection
EndGlobal
